
Microsoft Visual Studio Solution File, Format Version 12.00
# Visual Studio Version 17
VisualStudioVersion = 17.11.35219.272
MinimumVisualStudioVersion = 10.0.40219.1
Project("{888888A0-9F3D-457C-B088-3A5042F75D52}") = "PlokkskeemideKoostaminePraktilineToo", "PlokkskeemideKoostaminePraktilineToo.pyproj", "{C45532AF-3966-4FFD-8602-36BE490CB922}"
EndProject
Global
	GlobalSection(SolutionConfigurationPlatforms) = preSolution
		Debug|Any CPU = Debug|Any CPU
		Release|Any CPU = Release|Any CPU
	EndGlobalSection
	GlobalSection(ProjectConfigurationPlatforms) = postSolution
		{C45532AF-3966-4FFD-8602-36BE490CB922}.Debug|Any CPU.ActiveCfg = Debug|Any CPU
		{C45532AF-3966-4FFD-8602-36BE490CB922}.Release|Any CPU.ActiveCfg = Release|Any CPU
	EndGlobalSection
	GlobalSection(SolutionProperties) = preSolution
		HideSolutionNode = FALSE
	EndGlobalSection
	GlobalSection(ExtensibilityGlobals) = postSolution
		SolutionGuid = {2EDD8903-9D9B-4C78-82AB-C81334B62520}
	EndGlobalSection
EndGlobal
